
Microsoft Visual Studio Solution File, Format Version 12.00
# Visual Studio Version 17
VisualStudioVersion = 17.8.34330.188
MinimumVisualStudioVersion = 10.0.40219.1
Project("{FAE04EC0-301F-11D3-BF4B-00C04F79EFBC}") = "NullablePattern", "NullablePattern\NullablePattern.csproj", "{3879B0CF-C2B0-44D5-BECD-F0989B15DD13}"
EndProject
Global
	GlobalSection(SolutionConfigurationPlatforms) = preSolution
		Debug|Any CPU = Debug|Any CPU
		Release|Any CPU = Release|Any CPU
	EndGlobalSection
	GlobalSection(ProjectConfigurationPlatforms) = postSolution
		{3879B0CF-C2B0-44D5-BECD-F0989B15DD13}.Debug|Any CPU.ActiveCfg = Debug|Any CPU
		{3879B0CF-C2B0-44D5-BECD-F0989B15DD13}.Debug|Any CPU.Build.0 = Debug|Any CPU
		{3879B0CF-C2B0-44D5-BECD-F0989B15DD13}.Release|Any CPU.ActiveCfg = Release|Any CPU
		{3879B0CF-C2B0-44D5-BECD-F0989B15DD13}.Release|Any CPU.Build.0 = Release|Any CPU
	EndGlobalSection
	GlobalSection(SolutionProperties) = preSolution
		HideSolutionNode = FALSE
	EndGlobalSection
	GlobalSection(ExtensibilityGlobals) = postSolution
		SolutionGuid = {0603053B-D6BF-4231-AA36-43FAC27069FF}
	EndGlobalSection
EndGlobal
